<?xml version="1.0" encoding="utf-8"?>
<Project ToolsVersion="4.0" xmlns="http://schemas.microsoft.com/developer/msbuild/2003">
  <ItemGroup>
    <Filter Include="Source Files">
      <UniqueIdentifier>{c351e710-8bcd-44c4-a3c2-7d26207898b3}</UniqueIdentifier>
      <Extensions>cpp;c;cxx;def;odl;idl;hpj;bat;asm</Extensions>
    </Filter>
    <Filter Include="Header Files">
      <UniqueIdentifier>{73b2e428-d605-4ea4-8619-18168267c141}</UniqueIdentifier>
      <Extensions>h;hpp;hxx;hm;inl;inc</Extensions>
    </Filter>
    <Filter Include="Resource Files">
      <UniqueIdentifier>{1d303c5a-fe8a-4589-8345-83f67f0dfae2}</UniqueIdentifier>
      <Extensions>rc;ico;cur;bmp;dlg;rc2;rct;bin;rgs;gif;jpg;jpeg;jpe</Extensions>
    </Filter>
  </ItemGroup>
  <ItemGroup>
    <ClCompile Include="AlienSprite.cpp">
      <Filter>Source Files</Filter>
    </ClCompile>
    <ClCompile Include="Background.cpp">
      <Filter>Source Files</Filter>
    </ClCompile>
    <ClCompile Include="Bitmap.cpp">
      <Filter>Source Files</Filter>
    </ClCompile>
    <ClCompile Include="GameEngine.cpp">
      <Filter>Source Files</Filter>
    </ClCompile>
    <ClCompile Include="SpaceOut.cpp">
      <Filter>Source Files</Filter>
    </ClCompile>
    <ClCompile Include="Sprite.cpp">
      <Filter>Source Files</Filter>
    </ClCompile>
  </ItemGroup>
  <ItemGroup>
    <ClInclude Include="AlienSprite.h">
      <Filter>Header Files</Filter>
    </ClInclude>
    <ClInclude Include="Background.h">
      <Filter>Header Files</Filter>
    </ClInclude>
    <ClInclude Include="Bitmap.h">
      <Filter>Header Files</Filter>
    </ClInclude>
    <ClInclude Include="GameEngine.h">
      <Filter>Header Files</Filter>
    </ClInclude>
    <ClInclude Include="Resource.h">
      <Filter>Header Files</Filter>
    </ClInclude>
    <ClInclude Include="SpaceOut.h">
      <Filter>Header Files</Filter>
    </ClInclude>
    <ClInclude Include="Sprite.h">
      <Filter>Header Files</Filter>
    </ClInclude>
  </ItemGroup>
  <ItemGroup>
    <Image Include="SpaceOut.ico">
      <Filter>Resource Files</Filter>
    </Image>
    <Image Include="SpaceOut_sm.ico">
      <Filter>Resource Files</Filter>
    </Image>
  </ItemGroup>
  <ItemGroup>
    <ResourceCompile Include="SpaceOut.rc">
      <Filter>Resource Files</Filter>
    </ResourceCompile>
  </ItemGroup>
</Project>